
Microsoft Visual Studio Solution File, Format Version 12.00
# Visual Studio Version 17
VisualStudioVersion = 17.0.32014.148
MinimumVisualStudioVersion = 10.0.40219.1
Project("{2150E333-8FDC-42A3-9474-1A3956D46DE8}") = "Samples", "Samples", "{69706E80-5E69-4247-B54E-76E03BFD13B6}"
EndProject
Project("{9A19103F-16F7-4668-BE54-9A1E7A4F7556}") = "Samples.WPF", "Samples.WPF\Samples.WPF.csproj", "{B4892761-5C12-4999-9F4E-A84BF5D1D3C4}"
EndProject
Project("{9A19103F-16F7-4668-BE54-9A1E7A4F7556}") = "MultiLanguageForXAML.WPF", "MultiLanguageForXAML.WPF\MultiLanguageForXAML.WPF.csproj", "{B6B604AF-CAC2-42D8-AD50-A464BE32CEB0}"
EndProject
Project("{2150E333-8FDC-42A3-9474-1A3956D46DE8}") = "Docs", "Docs", "{7A6FD990-7E29-44DC-9655-EAC5D7AB2C42}"
	ProjectSection(SolutionItems) = preProject
		docs\build.md = docs\build.md
		README.md = README.md
	EndProjectSection
EndProject
Global
	GlobalSection(SolutionConfigurationPlatforms) = preSolution
		Debug|Any CPU = Debug|Any CPU
		Debug|x64 = Debug|x64
		Debug|x86 = Debug|x86
		Release|Any CPU = Release|Any CPU
		Release|x64 = Release|x64
		Release|x86 = Release|x86
	EndGlobalSection
	GlobalSection(ProjectConfigurationPlatforms) = postSolution
		{B4892761-5C12-4999-9F4E-A84BF5D1D3C4}.Debug|Any CPU.ActiveCfg = Debug|Any CPU
		{B4892761-5C12-4999-9F4E-A84BF5D1D3C4}.Debug|Any CPU.Build.0 = Debug|Any CPU
		{B4892761-5C12-4999-9F4E-A84BF5D1D3C4}.Debug|x64.ActiveCfg = Debug|Any CPU
		{B4892761-5C12-4999-9F4E-A84BF5D1D3C4}.Debug|x64.Build.0 = Debug|Any CPU
		{B4892761-5C12-4999-9F4E-A84BF5D1D3C4}.Debug|x86.ActiveCfg = Debug|Any CPU
		{B4892761-5C12-4999-9F4E-A84BF5D1D3C4}.Debug|x86.Build.0 = Debug|Any CPU
		{B4892761-5C12-4999-9F4E-A84BF5D1D3C4}.Release|Any CPU.ActiveCfg = Release|Any CPU
		{B4892761-5C12-4999-9F4E-A84BF5D1D3C4}.Release|Any CPU.Build.0 = Release|Any CPU
		{B4892761-5C12-4999-9F4E-A84BF5D1D3C4}.Release|x64.ActiveCfg = Release|Any CPU
		{B4892761-5C12-4999-9F4E-A84BF5D1D3C4}.Release|x64.Build.0 = Release|Any CPU
		{B4892761-5C12-4999-9F4E-A84BF5D1D3C4}.Release|x86.ActiveCfg = Release|Any CPU
		{B4892761-5C12-4999-9F4E-A84BF5D1D3C4}.Release|x86.Build.0 = Release|Any CPU
		{B6B604AF-CAC2-42D8-AD50-A464BE32CEB0}.Debug|Any CPU.ActiveCfg = Debug|Any CPU
		{B6B604AF-CAC2-42D8-AD50-A464BE32CEB0}.Debug|Any CPU.Build.0 = Debug|Any CPU
		{B6B604AF-CAC2-42D8-AD50-A464BE32CEB0}.Debug|x64.ActiveCfg = Debug|Any CPU
		{B6B604AF-CAC2-42D8-AD50-A464BE32CEB0}.Debug|x64.Build.0 = Debug|Any CPU
		{B6B604AF-CAC2-42D8-AD50-A464BE32CEB0}.Debug|x86.ActiveCfg = Debug|Any CPU
		{B6B604AF-CAC2-42D8-AD50-A464BE32CEB0}.Debug|x86.Build.0 = Debug|Any CPU
		{B6B604AF-CAC2-42D8-AD50-A464BE32CEB0}.Release|Any CPU.ActiveCfg = Release|Any CPU
		{B6B604AF-CAC2-42D8-AD50-A464BE32CEB0}.Release|Any CPU.Build.0 = Release|Any CPU
		{B6B604AF-CAC2-42D8-AD50-A464BE32CEB0}.Release|x64.ActiveCfg = Release|Any CPU
		{B6B604AF-CAC2-42D8-AD50-A464BE32CEB0}.Release|x64.Build.0 = Release|Any CPU
		{B6B604AF-CAC2-42D8-AD50-A464BE32CEB0}.Release|x86.ActiveCfg = Release|Any CPU
		{B6B604AF-CAC2-42D8-AD50-A464BE32CEB0}.Release|x86.Build.0 = Release|Any CPU
	EndGlobalSection
	GlobalSection(SolutionProperties) = preSolution
		HideSolutionNode = FALSE
	EndGlobalSection
	GlobalSection(NestedProjects) = preSolution
		{B4892761-5C12-4999-9F4E-A84BF5D1D3C4} = {69706E80-5E69-4247-B54E-76E03BFD13B6}
	EndGlobalSection
	GlobalSection(ExtensibilityGlobals) = postSolution
		SolutionGuid = {11CDA223-EA62-4C23-B769-05179E3A6CD6}
	EndGlobalSection
EndGlobal
